
Microsoft Visual Studio Solution File, Format Version 12.00
# Visual Studio Version 17
VisualStudioVersion = 17.0.32014.148
MinimumVisualStudioVersion = 10.0.40219.1
Project("{9A19103F-16F7-4668-BE54-9A1E7A4F7556}") = "EFPosh", "EFPosh\EFPosh.csproj", "{AD063317-A985-4D75-8ECA-03038FFC6AB5}"
EndProject
Project("{9A19103F-16F7-4668-BE54-9A1E7A4F7556}") = "EFPosh.EFInteractions", "EFPosh.EFInteractions\EFPosh.EFInteractions.csproj", "{CD28C38A-C9AF-4A2F-9958-672F4B11A7B1}"
EndProject
Project("{9A19103F-16F7-4668-BE54-9A1E7A4F7556}") = "PoshILogger", "PoshILogger\PoshILogger.csproj", "{472E9469-614B-41F4-9786-5014185E5E89}"
EndProject
Global
	GlobalSection(SolutionConfigurationPlatforms) = preSolution
		Debug|Any CPU = Debug|Any CPU
		Release|Any CPU = Release|Any CPU
	EndGlobalSection
	GlobalSection(ProjectConfigurationPlatforms) = postSolution
		{AD063317-A985-4D75-8ECA-03038FFC6AB5}.Debug|Any CPU.ActiveCfg = Debug|Any CPU
		{AD063317-A985-4D75-8ECA-03038FFC6AB5}.Debug|Any CPU.Build.0 = Debug|Any CPU
		{AD063317-A985-4D75-8ECA-03038FFC6AB5}.Release|Any CPU.ActiveCfg = Release|Any CPU
		{AD063317-A985-4D75-8ECA-03038FFC6AB5}.Release|Any CPU.Build.0 = Release|Any CPU
		{CD28C38A-C9AF-4A2F-9958-672F4B11A7B1}.Debug|Any CPU.ActiveCfg = Debug|Any CPU
		{CD28C38A-C9AF-4A2F-9958-672F4B11A7B1}.Debug|Any CPU.Build.0 = Debug|Any CPU
		{CD28C38A-C9AF-4A2F-9958-672F4B11A7B1}.Release|Any CPU.ActiveCfg = Release|Any CPU
		{CD28C38A-C9AF-4A2F-9958-672F4B11A7B1}.Release|Any CPU.Build.0 = Release|Any CPU
		{472E9469-614B-41F4-9786-5014185E5E89}.Debug|Any CPU.ActiveCfg = Debug|Any CPU
		{472E9469-614B-41F4-9786-5014185E5E89}.Debug|Any CPU.Build.0 = Debug|Any CPU
		{472E9469-614B-41F4-9786-5014185E5E89}.Release|Any CPU.ActiveCfg = Release|Any CPU
		{472E9469-614B-41F4-9786-5014185E5E89}.Release|Any CPU.Build.0 = Release|Any CPU
	EndGlobalSection
	GlobalSection(SolutionProperties) = preSolution
		HideSolutionNode = FALSE
	EndGlobalSection
	GlobalSection(ExtensibilityGlobals) = postSolution
		SolutionGuid = {F3DC6CEF-3851-42A3-8C6A-0ED1B98F7E2D}
	EndGlobalSection
EndGlobal
